
Microsoft Visual Studio Solution File, Format Version 12.00
# Visual Studio 14
VisualStudioVersion = 14.0.24720.0
MinimumVisualStudioVersion = 10.0.40219.1
Project("{FAE04EC0-301F-11D3-BF4B-00C04F79EFBC}") = "NullaGroupHome", "NullaGroupHome\NullaGroupHome.csproj", "{29D6B0D2-8AF9-4861-8BFE-E3BE9B22EE04}"
EndProject
Global
	GlobalSection(SolutionConfigurationPlatforms) = preSolution
		Debug|Any CPU = Debug|Any CPU
		Release|Any CPU = Release|Any CPU
	EndGlobalSection
	GlobalSection(ProjectConfigurationPlatforms) = postSolution
		{29D6B0D2-8AF9-4861-8BFE-E3BE9B22EE04}.Debug|Any CPU.ActiveCfg = Debug|Any CPU
		{29D6B0D2-8AF9-4861-8BFE-E3BE9B22EE04}.Debug|Any CPU.Build.0 = Debug|Any CPU
		{29D6B0D2-8AF9-4861-8BFE-E3BE9B22EE04}.Release|Any CPU.ActiveCfg = Release|Any CPU
		{29D6B0D2-8AF9-4861-8BFE-E3BE9B22EE04}.Release|Any CPU.Build.0 = Release|Any CPU
	EndGlobalSection
	GlobalSection(SolutionProperties) = preSolution
		HideSolutionNode = FALSE
	EndGlobalSection
EndGlobal
